
Microsoft Visual Studio Solution File, Format Version 12.00
# Visual Studio 15
Project("{FAE04EC0-301F-11D3-BF4B-00C04F79EFBC}") = "Fyrvall.DataEditor", "Fyrvall.DataEditor.csproj", "{14FB7AD6-A299-2100-E1BD-5826EC1C33BF}"
EndProject
Project("{FAE04EC0-301F-11D3-BF4B-00C04F79EFBC}") = "Fyrvall.DataEditor.Editor", "Fyrvall.DataEditor.Editor.csproj", "{DF7583AE-B2DA-6DB8-4088-50DAD6043382}"
EndProject
Global
	GlobalSection(SolutionConfigurationPlatforms) = preSolution
		Debug|Any CPU = Debug|Any CPU
		Release|Any CPU = Release|Any CPU
	EndGlobalSection
	GlobalSection(ProjectConfigurationPlatforms) = postSolution
		{14FB7AD6-A299-2100-E1BD-5826EC1C33BF}.Debug|Any CPU.ActiveCfg = Debug|Any CPU
		{14FB7AD6-A299-2100-E1BD-5826EC1C33BF}.Debug|Any CPU.Build.0 = Debug|Any CPU
		{14FB7AD6-A299-2100-E1BD-5826EC1C33BF}.Release|Any CPU.ActiveCfg = Release|Any CPU
		{14FB7AD6-A299-2100-E1BD-5826EC1C33BF}.Release|Any CPU.Build.0 = Release|Any CPU
		{DF7583AE-B2DA-6DB8-4088-50DAD6043382}.Debug|Any CPU.ActiveCfg = Debug|Any CPU
		{DF7583AE-B2DA-6DB8-4088-50DAD6043382}.Debug|Any CPU.Build.0 = Debug|Any CPU
		{DF7583AE-B2DA-6DB8-4088-50DAD6043382}.Release|Any CPU.ActiveCfg = Release|Any CPU
		{DF7583AE-B2DA-6DB8-4088-50DAD6043382}.Release|Any CPU.Build.0 = Release|Any CPU
	EndGlobalSection
	GlobalSection(SolutionProperties) = preSolution
		HideSolutionNode = FALSE
	EndGlobalSection
	GlobalSection(MonoDevelopProperties) = preSolution
		StartupItem = Assembly-CSharp.csproj
	EndGlobalSection
EndGlobal
